
Microsoft Visual Studio Solution File, Format Version 12.00
# Visual Studio Version 17
VisualStudioVersion = 17.14.36414.22
MinimumVisualStudioVersion = 10.0.40219.1
Project("{FAE04EC0-301F-11D3-BF4B-00C04F79EFBC}") = "MapaEstoqueCD", "MapaEstoqueCD.csproj", "{D949483F-15A6-4698-BF6F-D0FAD631652F}"
EndProject
Project("{FAE04EC0-301F-11D3-BF4B-00C04F79EFBC}") = "Server", "..\Server\Server.csproj", "{40ED264F-1191-4DDF-8B28-4A2F1F41B098}"
EndProject
Global
	GlobalSection(SolutionConfigurationPlatforms) = preSolution
		Debug|Any CPU = Debug|Any CPU
		Release|Any CPU = Release|Any CPU
	EndGlobalSection
	GlobalSection(ProjectConfigurationPlatforms) = postSolution
		{D949483F-15A6-4698-BF6F-D0FAD631652F}.Debug|Any CPU.ActiveCfg = Debug|Any CPU
		{D949483F-15A6-4698-BF6F-D0FAD631652F}.Debug|Any CPU.Build.0 = Debug|Any CPU
		{D949483F-15A6-4698-BF6F-D0FAD631652F}.Release|Any CPU.ActiveCfg = Release|Any CPU
		{D949483F-15A6-4698-BF6F-D0FAD631652F}.Release|Any CPU.Build.0 = Release|Any CPU
		{40ED264F-1191-4DDF-8B28-4A2F1F41B098}.Debug|Any CPU.ActiveCfg = Debug|Any CPU
		{40ED264F-1191-4DDF-8B28-4A2F1F41B098}.Debug|Any CPU.Build.0 = Debug|Any CPU
		{40ED264F-1191-4DDF-8B28-4A2F1F41B098}.Release|Any CPU.ActiveCfg = Release|Any CPU
		{40ED264F-1191-4DDF-8B28-4A2F1F41B098}.Release|Any CPU.Build.0 = Release|Any CPU
	EndGlobalSection
	GlobalSection(SolutionProperties) = preSolution
		HideSolutionNode = FALSE
	EndGlobalSection
	GlobalSection(ExtensibilityGlobals) = postSolution
		SolutionGuid = {9D398319-055F-416D-A232-BB461FDA262D}
	EndGlobalSection
EndGlobal
